
Microsoft Visual Studio Solution File, Format Version 12.00
# Visual Studio Version 16
VisualStudioVersion = 16.0.30002.166
MinimumVisualStudioVersion = 10.0.40219.1
Project("{FAE04EC0-301F-11D3-BF4B-00C04F79EFBC}") = "ProductivityTools.Purchase.Api", "ProductivityTools.Purchase.Api\ProductivityTools.Purchase.Api.csproj", "{02989661-D258-4681-B186-84EFFF0ADF1D}"
EndProject
Project("{FAE04EC0-301F-11D3-BF4B-00C04F79EFBC}") = "ProductivityTools.Purchase.Api.DbUp", "ProductivityTools.Purchase.Api.DbUp\ProductivityTools.Purchase.Api.DbUp.csproj", "{8E965D17-9BCC-4352-B4A6-C313CF62511A}"
EndProject
Global
	GlobalSection(SolutionConfigurationPlatforms) = preSolution
		Debug|Any CPU = Debug|Any CPU
		Release|Any CPU = Release|Any CPU
	EndGlobalSection
	GlobalSection(ProjectConfigurationPlatforms) = postSolution
		{02989661-D258-4681-B186-84EFFF0ADF1D}.Debug|Any CPU.ActiveCfg = Debug|Any CPU
		{02989661-D258-4681-B186-84EFFF0ADF1D}.Debug|Any CPU.Build.0 = Debug|Any CPU
		{02989661-D258-4681-B186-84EFFF0ADF1D}.Release|Any CPU.ActiveCfg = Release|Any CPU
		{02989661-D258-4681-B186-84EFFF0ADF1D}.Release|Any CPU.Build.0 = Release|Any CPU
		{8E965D17-9BCC-4352-B4A6-C313CF62511A}.Debug|Any CPU.ActiveCfg = Debug|Any CPU
		{8E965D17-9BCC-4352-B4A6-C313CF62511A}.Debug|Any CPU.Build.0 = Debug|Any CPU
		{8E965D17-9BCC-4352-B4A6-C313CF62511A}.Release|Any CPU.ActiveCfg = Release|Any CPU
		{8E965D17-9BCC-4352-B4A6-C313CF62511A}.Release|Any CPU.Build.0 = Release|Any CPU
	EndGlobalSection
	GlobalSection(SolutionProperties) = preSolution
		HideSolutionNode = FALSE
	EndGlobalSection
	GlobalSection(ExtensibilityGlobals) = postSolution
		SolutionGuid = {D2592FBD-6FF3-4733-AAAB-28102D0E9A75}
	EndGlobalSection
EndGlobal
